// !$*UTF8*$!
{
	archiveVersion = 1;
	classes = {
	};
	objectVersion = 51;
	objects = {

/* Begin PBXBuildFile section */
		299903ED6BC153F4A1CB3000 /* Pods_COVID_19Tests.framework in Frameworks */ = {isa = PBXBuildFile; fileRef = 0863532D17D4FA5C5DB54E69 /* Pods_COVID_19Tests.framework */; };
		9E71E8F06E2DF433B11CC2E7 /* Pods_COVID_19_COVID_19UITests.framework in Frameworks */ = {isa = PBXBuildFile; fileRef = FE67F76C0802D90CF2E43332 /* Pods_COVID_19_COVID_19UITests.framework */; };
		B629604223F6D99100E992CF /* AppDelegate.swift in Sources */ = {isa = PBXBuildFile; fileRef = B629604123F6D99100E992CF /* AppDelegate.swift */; };
		B629604423F6D99100E992CF /* SceneDelegate.swift in Sources */ = {isa = PBXBuildFile; fileRef = B629604323F6D99100E992CF /* SceneDelegate.swift */; };
		B629604923F6D99100E992CF /* Main.storyboard in Resources */ = {isa = PBXBuildFile; fileRef = B629604723F6D99100E992CF /* Main.storyboard */; };
		B629604B23F6D99400E992CF /* Assets.xcassets in Resources */ = {isa = PBXBuildFile; fileRef = B629604A23F6D99400E992CF /* Assets.xcassets */; };
		B629604E23F6D99400E992CF /* LaunchScreen.storyboard in Resources */ = {isa = PBXBuildFile; fileRef = B629604C23F6D99400E992CF /* LaunchScreen.storyboard */; };
		B629605923F6D99500E992CF /* COVID_19Tests.swift in Sources */ = {isa = PBXBuildFile; fileRef = B629605823F6D99500E992CF /* COVID_19Tests.swift */; };
		B629606423F6D99500E992CF /* COVID_19UITests.swift in Sources */ = {isa = PBXBuildFile; fileRef = B629606323F6D99500E992CF /* COVID_19UITests.swift */; };
		B629608623F83BA400E992CF /* MainTableViewCell.swift in Sources */ = {isa = PBXBuildFile; fileRef = B629608523F83BA400E992CF /* MainTableViewCell.swift */; };
		B629608823F83BAC00E992CF /* MainTableViewCell.xib in Resources */ = {isa = PBXBuildFile; fileRef = B629608723F83BAC00E992CF /* MainTableViewCell.xib */; };
		B6ECCDE423F77F3B00F47F0D /* GoogleService-Info.plist in Resources */ = {isa = PBXBuildFile; fileRef = B6ECCDE323F77F3B00F47F0D /* GoogleService-Info.plist */; };
		B6ECCDEE23F7B05600F47F0D /* JapanTableViewController.swift in Sources */ = {isa = PBXBuildFile; fileRef = B6ECCDED23F7B05600F47F0D /* JapanTableViewController.swift */; };
		B6ECCDF123F7B37B00F47F0D /* WorldWideTableViewController.swift in Sources */ = {isa = PBXBuildFile; fileRef = B6ECCDF023F7B37B00F47F0D /* WorldWideTableViewController.swift */; };
		B6ECCDF423F7B39500F47F0D /* WorldWideTableViewCell.swift in Sources */ = {isa = PBXBuildFile; fileRef = B6ECCDF223F7B39500F47F0D /* WorldWideTableViewCell.swift */; };
		B6ECCDF523F7B39500F47F0D /* WorldWideTableViewCell.xib in Resources */ = {isa = PBXBuildFile; fileRef = B6ECCDF323F7B39500F47F0D /* WorldWideTableViewCell.xib */; };
		FA8C028008A649B3B1619369 /* Pods_COVID_19.framework in Frameworks */ = {isa = PBXBuildFile; fileRef = 0E51544932A371E6C15547C7 /* Pods_COVID_19.framework */; };
/* End PBXBuildFile section */

/* Begin PBXContainerItemProxy section */
		B629605523F6D99500E992CF /* PBXContainerItemProxy */ = {
			isa = PBXContainerItemProxy;
			containerPortal = B629603623F6D99100E992CF /* Project object */;
			proxyType = 1;
			remoteGlobalIDString = B629603D23F6D99100E992CF;
			remoteInfo = "COVID-19";
		};
		B629606023F6D99500E992CF /* PBXContainerItemProxy */ = {
			isa = PBXContainerItemProxy;
			containerPortal = B629603623F6D99100E992CF /* Project object */;
			proxyType = 1;
			remoteGlobalIDString = B629603D23F6D99100E992CF;
			remoteInfo = "COVID-19";
		};
/* End PBXContainerItemProxy section */

/* Begin PBXFileReference section */
		0636B8185B90ED4DB89F424C /* Pods-COVID-19-COVID-19UITests.release.xcconfig */ = {isa = PBXFileReference; includeInIndex = 1; lastKnownFileType = text.xcconfig; name = "Pods-COVID-19-COVID-19UITests.release.xcconfig"; path = "Target Support Files/Pods-COVID-19-COVID-19UITests/Pods-COVID-19-COVID-19UITests.release.xcconfig"; sourceTree = "<group>"; };
		0863532D17D4FA5C5DB54E69 /* Pods_COVID_19Tests.framework */ = {isa = PBXFileReference; explicitFileType = wrapper.framework; includeInIndex = 0; path = Pods_COVID_19Tests.framework; sourceTree = BUILT_PRODUCTS_DIR; };
		0E51544932A371E6C15547C7 /* Pods_COVID_19.framework */ = {isa = PBXFileReference; explicitFileType = wrapper.framework; includeInIndex = 0; path = Pods_COVID_19.framework; sourceTree = BUILT_PRODUCTS_DIR; };
		196B0D77147E5BD412921677 /* Pods-COVID-19Tests.release.xcconfig */ = {isa = PBXFileReference; includeInIndex = 1; lastKnownFileType = text.xcconfig; name = "Pods-COVID-19Tests.release.xcconfig"; path = "Target Support Files/Pods-COVID-19Tests/Pods-COVID-19Tests.release.xcconfig"; sourceTree = "<group>"; };
		453D37165259F2E4FFB88E93 /* Pods-COVID-19-COVID-19UITests.debug.xcconfig */ = {isa = PBXFileReference; includeInIndex = 1; lastKnownFileType = text.xcconfig; name = "Pods-COVID-19-COVID-19UITests.debug.xcconfig"; path = "Target Support Files/Pods-COVID-19-COVID-19UITests/Pods-COVID-19-COVID-19UITests.debug.xcconfig"; sourceTree = "<group>"; };
		4DFD57807E5DF9F74F44A2E0 /* Pods-COVID-19.debug.xcconfig */ = {isa = PBXFileReference; includeInIndex = 1; lastKnownFileType = text.xcconfig; name = "Pods-COVID-19.debug.xcconfig"; path = "Target Support Files/Pods-COVID-19/Pods-COVID-19.debug.xcconfig"; sourceTree = "<group>"; };
		7DDB645434901D9C7FDBDEC1 /* Pods-COVID-19.release.xcconfig */ = {isa = PBXFileReference; includeInIndex = 1; lastKnownFileType = text.xcconfig; name = "Pods-COVID-19.release.xcconfig"; path = "Target Support Files/Pods-COVID-19/Pods-COVID-19.release.xcconfig"; sourceTree = "<group>"; };
		B629603E23F6D99100E992CF /* COVID-19.app */ = {isa = PBXFileReference; explicitFileType = wrapper.application; includeInIndex = 0; path = "COVID-19.app"; sourceTree = BUILT_PRODUCTS_DIR; };
		B629604123F6D99100E992CF /* AppDelegate.swift */ = {isa = PBXFileReference; lastKnownFileType = sourcecode.swift; path = AppDelegate.swift; sourceTree = "<group>"; };
		B629604323F6D99100E992CF /* SceneDelegate.swift */ = {isa = PBXFileReference; lastKnownFileType = sourcecode.swift; path = SceneDelegate.swift; sourceTree = "<group>"; };
		B629604823F6D99100E992CF /* Base */ = {isa = PBXFileReference; lastKnownFileType = file.storyboard; name = Base; path = Base.lproj/Main.storyboard; sourceTree = "<group>"; };
		B629604A23F6D99400E992CF /* Assets.xcassets */ = {isa = PBXFileReference; lastKnownFileType = folder.assetcatalog; path = Assets.xcassets; sourceTree = "<group>"; };
		B629604D23F6D99400E992CF /* Base */ = {isa = PBXFileReference; lastKnownFileType = file.storyboard; name = Base; path = Base.lproj/LaunchScreen.storyboard; sourceTree = "<group>"; };
		B629604F23F6D99400E992CF /* Info.plist */ = {isa = PBXFileReference; lastKnownFileType = text.plist.xml; path = Info.plist; sourceTree = "<group>"; };
		B629605423F6D99500E992CF /* COVID-19Tests.xctest */ = {isa = PBXFileReference; explicitFileType = wrapper.cfbundle; includeInIndex = 0; path = "COVID-19Tests.xctest"; sourceTree = BUILT_PRODUCTS_DIR; };
		B629605823F6D99500E992CF /* COVID_19Tests.swift */ = {isa = PBXFileReference; lastKnownFileType = sourcecode.swift; path = COVID_19Tests.swift; sourceTree = "<group>"; };
		B629605A23F6D99500E992CF /* Info.plist */ = {isa = PBXFileReference; lastKnownFileType = text.plist.xml; path = Info.plist; sourceTree = "<group>"; };
		B629605F23F6D99500E992CF /* COVID-19UITests.xctest */ = {isa = PBXFileReference; explicitFileType = wrapper.cfbundle; includeInIndex = 0; path = "COVID-19UITests.xctest"; sourceTree = BUILT_PRODUCTS_DIR; };
		B629606323F6D99500E992CF /* COVID_19UITests.swift */ = {isa = PBXFileReference; lastKnownFileType = sourcecode.swift; path = COVID_19UITests.swift; sourceTree = "<group>"; };
		B629606523F6D99500E992CF /* Info.plist */ = {isa = PBXFileReference; lastKnownFileType = text.plist.xml; path = Info.plist; sourceTree = "<group>"; };
		B629608523F83BA400E992CF /* MainTableViewCell.swift */ = {isa = PBXFileReference; fileEncoding = 4; lastKnownFileType = sourcecode.swift; path = MainTableViewCell.swift; sourceTree = "<group>"; };
		B629608723F83BAC00E992CF /* MainTableViewCell.xib */ = {isa = PBXFileReference; fileEncoding = 4; lastKnownFileType = file.xib; path = MainTableViewCell.xib; sourceTree = "<group>"; };
		B6ECCDE323F77F3B00F47F0D /* GoogleService-Info.plist */ = {isa = PBXFileReference; fileEncoding = 4; lastKnownFileType = text.plist.xml; name = "GoogleService-Info.plist"; path = "../../../Desktop/GoogleService-Info.plist"; sourceTree = "<group>"; };
		B6ECCDED23F7B05600F47F0D /* JapanTableViewController.swift */ = {isa = PBXFileReference; lastKnownFileType = sourcecode.swift; path = JapanTableViewController.swift; sourceTree = "<group>"; };
		B6ECCDF023F7B37B00F47F0D /* WorldWideTableViewController.swift */ = {isa = PBXFileReference; lastKnownFileType = sourcecode.swift; path = WorldWideTableViewController.swift; sourceTree = "<group>"; };
		B6ECCDF223F7B39500F47F0D /* WorldWideTableViewCell.swift */ = {isa = PBXFileReference; lastKnownFileType = sourcecode.swift; path = WorldWideTableViewCell.swift; sourceTree = "<group>"; };
		B6ECCDF323F7B39500F47F0D /* WorldWideTableViewCell.xib */ = {isa = PBXFileReference; lastKnownFileType = file.xib; path = WorldWideTableViewCell.xib; sourceTree = "<group>"; };
		DE2FB1BF66A568C41A79E475 /* Pods-COVID-19Tests.debug.xcconfig */ = {isa = PBXFileReference; includeInIndex = 1; lastKnownFileType = text.xcconfig; name = "Pods-COVID-19Tests.debug.xcconfig"; path = "Target Support Files/Pods-COVID-19Tests/Pods-COVID-19Tests.debug.xcconfig"; sourceTree = "<group>"; };
		FE67F76C0802D90CF2E43332 /* Pods_COVID_19_COVID_19UITests.framework */ = {isa = PBXFileReference; explicitFileType = wrapper.framework; includeInIndex = 0; path = Pods_COVID_19_COVID_19UITests.framework; sourceTree = BUILT_PRODUCTS_DIR; };
/* End PBXFileReference section */

/* Begin PBXFrameworksBuildPhase section */
		B629603B23F6D99100E992CF /* Frameworks */ = {
			isa = PBXFrameworksBuildPhase;
			buildActionMask = 2147483647;
			files = (
				FA8C028008A649B3B1619369 /* Pods_COVID_19.framework in Frameworks */,
			);
			runOnlyForDeploymentPostprocessing = 0;
		};
		B629605123F6D99500E992CF /* Frameworks */ = {
			isa = PBXFrameworksBuildPhase;
			buildActionMask = 2147483647;
			files = (
				299903ED6BC153F4A1CB3000 /* Pods_COVID_19Tests.framework in Frameworks */,
			);
			runOnlyForDeploymentPostprocessing = 0;
		};
		B629605C23F6D99500E992CF /* Frameworks */ = {
			isa = PBXFrameworksBuildPhase;
			buildActionMask = 2147483647;
			files = (
				9E71E8F06E2DF433B11CC2E7 /* Pods_COVID_19_COVID_19UITests.framework in Frameworks */,
			);
			runOnlyForDeploymentPostprocessing = 0;
		};
/* End PBXFrameworksBuildPhase section */

/* Begin PBXGroup section */
		369CD2D3199CE38CD6DD87B8 /* Frameworks */ = {
			isa = PBXGroup;
			children = (
				0E51544932A371E6C15547C7 /* Pods_COVID_19.framework */,
				FE67F76C0802D90CF2E43332 /* Pods_COVID_19_COVID_19UITests.framework */,
				0863532D17D4FA5C5DB54E69 /* Pods_COVID_19Tests.framework */,
			);
			name = Frameworks;
			sourceTree = "<group>";
		};
		B629603523F6D99100E992CF = {
			isa = PBXGroup;
			children = (
				B629604023F6D99100E992CF /* COVID-19 */,
				B629605723F6D99500E992CF /* COVID-19Tests */,
				B629606223F6D99500E992CF /* COVID-19UITests */,
				B629603F23F6D99100E992CF /* Products */,
				B8F78E7EB10F882FA2BAAC71 /* Pods */,
				369CD2D3199CE38CD6DD87B8 /* Frameworks */,
			);
			sourceTree = "<group>";
		};
		B629603F23F6D99100E992CF /* Products */ = {
			isa = PBXGroup;
			children = (
				B629603E23F6D99100E992CF /* COVID-19.app */,
				B629605423F6D99500E992CF /* COVID-19Tests.xctest */,
				B629605F23F6D99500E992CF /* COVID-19UITests.xctest */,
			);
			name = Products;
			sourceTree = "<group>";
		};
		B629604023F6D99100E992CF /* COVID-19 */ = {
			isa = PBXGroup;
			children = (
				B629604723F6D99100E992CF /* Main.storyboard */,
				B6ECCDEF23F7B30D00F47F0D /* WorldWide */,
				B6ECCDEC23F7B02C00F47F0D /* Japan */,
				B629604123F6D99100E992CF /* AppDelegate.swift */,
				B629604323F6D99100E992CF /* SceneDelegate.swift */,
				B629604A23F6D99400E992CF /* Assets.xcassets */,
				B629604C23F6D99400E992CF /* LaunchScreen.storyboard */,
				B629604F23F6D99400E992CF /* Info.plist */,
				B6ECCDE323F77F3B00F47F0D /* GoogleService-Info.plist */,
			);
			path = "COVID-19";
			sourceTree = "<group>";
		};
		B629605723F6D99500E992CF /* COVID-19Tests */ = {
			isa = PBXGroup;
			children = (
				B629605823F6D99500E992CF /* COVID_19Tests.swift */,
				B629605A23F6D99500E992CF /* Info.plist */,
			);
			path = "COVID-19Tests";
			sourceTree = "<group>";
		};
		B629606223F6D99500E992CF /* COVID-19UITests */ = {
			isa = PBXGroup;
			children = (
				B629606323F6D99500E992CF /* COVID_19UITests.swift */,
				B629606523F6D99500E992CF /* Info.plist */,
			);
			path = "COVID-19UITests";
			sourceTree = "<group>";
		};
		B6ECCDEC23F7B02C00F47F0D /* Japan */ = {
			isa = PBXGroup;
			children = (
				B6ECCDED23F7B05600F47F0D /* JapanTableViewController.swift */,
			);
			path = Japan;
			sourceTree = "<group>";
		};
		B6ECCDEF23F7B30D00F47F0D /* WorldWide */ = {
			isa = PBXGroup;
			children = (
				B6ECCDF023F7B37B00F47F0D /* WorldWideTableViewController.swift */,
				B6ECCDF223F7B39500F47F0D /* WorldWideTableViewCell.swift */,
				B6ECCDF323F7B39500F47F0D /* WorldWideTableViewCell.xib */,
				B629608723F83BAC00E992CF /* MainTableViewCell.xib */,
				B629608523F83BA400E992CF /* MainTableViewCell.swift */,
			);
			path = WorldWide;
			sourceTree = "<group>";
		};
		B8F78E7EB10F882FA2BAAC71 /* Pods */ = {
			isa = PBXGroup;
			children = (
				4DFD57807E5DF9F74F44A2E0 /* Pods-COVID-19.debug.xcconfig */,
				7DDB645434901D9C7FDBDEC1 /* Pods-COVID-19.release.xcconfig */,
				453D37165259F2E4FFB88E93 /* Pods-COVID-19-COVID-19UITests.debug.xcconfig */,
				0636B8185B90ED4DB89F424C /* Pods-COVID-19-COVID-19UITests.release.xcconfig */,
				DE2FB1BF66A568C41A79E475 /* Pods-COVID-19Tests.debug.xcconfig */,
				196B0D77147E5BD412921677 /* Pods-COVID-19Tests.release.xcconfig */,
			);
			path = Pods;
			sourceTree = "<group>";
		};
/* End PBXGroup section */

/* Begin PBXNativeTarget section */
		B629603D23F6D99100E992CF /* COVID-19 */ = {
			isa = PBXNativeTarget;
			buildConfigurationList = B629606823F6D99500E992CF /* Build configuration list for PBXNativeTarget "COVID-19" */;
			buildPhases = (
				1A0367C42801322846700768 /* [CP] Check Pods Manifest.lock */,
				B629603A23F6D99100E992CF /* Sources */,
				B629603B23F6D99100E992CF /* Frameworks */,
				B629603C23F6D99100E992CF /* Resources */,
				02035825EF7A2501D5338094 /* [CP] Embed Pods Frameworks */,
			);
			buildRules = (
			);
			dependencies = (
			);
			name = "COVID-19";
			productName = "COVID-19";
			productReference = B629603E23F6D99100E992CF /* COVID-19.app */;
			productType = "com.apple.product-type.application";
		};
		B629605323F6D99500E992CF /* COVID-19Tests */ = {
			isa = PBXNativeTarget;
			buildConfigurationList = B629606B23F6D99500E992CF /* Build configuration list for PBXNativeTarget "COVID-19Tests" */;
			buildPhases = (
				1E752D460DAE577FCB1CBF2E /* [CP] Check Pods Manifest.lock */,
				B629605023F6D99500E992CF /* Sources */,
				B629605123F6D99500E992CF /* Frameworks */,
				B629605223F6D99500E992CF /* Resources */,
			);
			buildRules = (
			);
			dependencies = (
				B629605623F6D99500E992CF /* PBXTargetDependency */,
			);
			name = "COVID-19Tests";
			productName = "COVID-19Tests";
			productReference = B629605423F6D99500E992CF /* COVID-19Tests.xctest */;
			productType = "com.apple.product-type.bundle.unit-test";
		};
		B629605E23F6D99500E992CF /* COVID-19UITests */ = {
			isa = PBXNativeTarget;
			buildConfigurationList = B629606E23F6D99500E992CF /* Build configuration list for PBXNativeTarget "COVID-19UITests" */;
			buildPhases = (
				A48EF154A943372CD60BBE0D /* [CP] Check Pods Manifest.lock */,
				B629605B23F6D99500E992CF /* Sources */,
				B629605C23F6D99500E992CF /* Frameworks */,
				B629605D23F6D99500E992CF /* Resources */,
				5A6F6092B89DF57F03776B86 /* [CP] Embed Pods Frameworks */,
			);
			buildRules = (
			);
			dependencies = (
				B629606123F6D99500E992CF /* PBXTargetDependency */,
			);
			name = "COVID-19UITests";
			productName = "COVID-19UITests";
			productReference = B629605F23F6D99500E992CF /* COVID-19UITests.xctest */;
			productType = "com.apple.product-type.bundle.ui-testing";
		};
/* End PBXNativeTarget section */

/* Begin PBXProject section */
		B629603623F6D99100E992CF /* Project object */ = {
			isa = PBXProject;
			attributes = {
				LastSwiftUpdateCheck = 1130;
				LastUpgradeCheck = 1130;
				ORGANIZATIONNAME = "西田翔平";
				TargetAttributes = {
					B629603D23F6D99100E992CF = {
						CreatedOnToolsVersion = 11.3.1;
					};
					B629605323F6D99500E992CF = {
						CreatedOnToolsVersion = 11.3.1;
						TestTargetID = B629603D23F6D99100E992CF;
					};
					B629605E23F6D99500E992CF = {
						CreatedOnToolsVersion = 11.3.1;
						TestTargetID = B629603D23F6D99100E992CF;
					};
				};
			};
			buildConfigurationList = B629603923F6D99100E992CF /* Build configuration list for PBXProject "COVID-19" */;
			compatibilityVersion = "Xcode 9.3";
			developmentRegion = en;
			hasScannedForEncodings = 0;
			knownRegions = (
				en,
				Base,
			);
			mainGroup = B629603523F6D99100E992CF;
			productRefGroup = B629603F23F6D99100E992CF /* Products */;
			projectDirPath = "";
			projectRoot = "";
			targets = (
				B629603D23F6D99100E992CF /* COVID-19 */,
				B629605323F6D99500E992CF /* COVID-19Tests */,
				B629605E23F6D99500E992CF /* COVID-19UITests */,
			);
		};
/* End PBXProject section */

/* Begin PBXResourcesBuildPhase section */
		B629603C23F6D99100E992CF /* Resources */ = {
			isa = PBXResourcesBuildPhase;
			buildActionMask = 2147483647;
			files = (
				B629608823F83BAC00E992CF /* MainTableViewCell.xib in Resources */,
				B629604E23F6D99400E992CF /* LaunchScreen.storyboard in Resources */,
				B6ECCDE423F77F3B00F47F0D /* GoogleService-Info.plist in Resources */,
				B629604B23F6D99400E992CF /* Assets.xcassets in Resources */,
				B6ECCDF523F7B39500F47F0D /* WorldWideTableViewCell.xib in Resources */,
				B629604923F6D99100E992CF /* Main.storyboard in Resources */,
			);
			runOnlyForDeploymentPostprocessing = 0;
		};
		B629605223F6D99500E992CF /* Resources */ = {
			isa = PBXResourcesBuildPhase;
			buildActionMask = 2147483647;
			files = (
			);
			runOnlyForDeploymentPostprocessing = 0;
		};
		B629605D23F6D99500E992CF /* Resources */ = {
			isa = PBXResourcesBuildPhase;
			buildActionMask = 2147483647;
			files = (
			);
			runOnlyForDeploymentPostprocessing = 0;
		};
/* End PBXResourcesBuildPhase section */

/* Begin PBXShellScriptBuildPhase section */
		02035825EF7A2501D5338094 /* [CP] Embed Pods Frameworks */ = {
			isa = PBXShellScriptBuildPhase;
			buildActionMask = 2147483647;
			files = (
			);
			inputFileListPaths = (
				"${PODS_ROOT}/Target Support Files/Pods-COVID-19/Pods-COVID-19-frameworks-${CONFIGURATION}-input-files.xcfilelist",
			);
			name = "[CP] Embed Pods Frameworks";
			outputFileListPaths = (
				"${PODS_ROOT}/Target Support Files/Pods-COVID-19/Pods-COVID-19-frameworks-${CONFIGURATION}-output-files.xcfilelist",
			);
			runOnlyForDeploymentPostprocessing = 0;
			shellPath = /bin/sh;
			shellScript = "\"${PODS_ROOT}/Target Support Files/Pods-COVID-19/Pods-COVID-19-frameworks.sh\"\n";
			showEnvVarsInLog = 0;
		};
		1A0367C42801322846700768 /* [CP] Check Pods Manifest.lock */ = {
			isa = PBXShellScriptBuildPhase;
			buildActionMask = 2147483647;
			files = (
			);
			inputFileListPaths = (
			);
			inputPaths = (
				"${PODS_PODFILE_DIR_PATH}/Podfile.lock",
				"${PODS_ROOT}/Manifest.lock",
			);
			name = "[CP] Check Pods Manifest.lock";
			outputFileListPaths = (
			);
			outputPaths = (
				"$(DERIVED_FILE_DIR)/Pods-COVID-19-checkManifestLockResult.txt",
			);
			runOnlyForDeploymentPostprocessing = 0;
			shellPath = /bin/sh;
			shellScript = "diff \"${PODS_PODFILE_DIR_PATH}/Podfile.lock\" \"${PODS_ROOT}/Manifest.lock\" > /dev/null\nif [ $? != 0 ] ; then\n    # print error to STDERR\n    echo \"error: The sandbox is not in sync with the Podfile.lock. Run 'pod install' or update your CocoaPods installation.\" >&2\n    exit 1\nfi\n# This output is used by Xcode 'outputs' to avoid re-running this script phase.\necho \"SUCCESS\" > \"${SCRIPT_OUTPUT_FILE_0}\"\n";
			showEnvVarsInLog = 0;
		};
		1E752D460DAE577FCB1CBF2E /* [CP] Check Pods Manifest.lock */ = {
			isa = PBXShellScriptBuildPhase;
			buildActionMask = 2147483647;
			files = (
			);
			inputFileListPaths = (
			);
			inputPaths = (
				"${PODS_PODFILE_DIR_PATH}/Podfile.lock",
				"${PODS_ROOT}/Manifest.lock",
			);
			name = "[CP] Check Pods Manifest.lock";
			outputFileListPaths = (
			);
			outputPaths = (
				"$(DERIVED_FILE_DIR)/Pods-COVID-19Tests-checkManifestLockResult.txt",
			);
			runOnlyForDeploymentPostprocessing = 0;
			shellPath = /bin/sh;
			shellScript = "diff \"${PODS_PODFILE_DIR_PATH}/Podfile.lock\" \"${PODS_ROOT}/Manifest.lock\" > /dev/null\nif [ $? != 0 ] ; then\n    # print error to STDERR\n    echo \"error: The sandbox is not in sync with the Podfile.lock. Run 'pod install' or update your CocoaPods installation.\" >&2\n    exit 1\nfi\n# This output is used by Xcode 'outputs' to avoid re-running this script phase.\necho \"SUCCESS\" > \"${SCRIPT_OUTPUT_FILE_0}\"\n";
			showEnvVarsInLog = 0;
		};
		5A6F6092B89DF57F03776B86 /* [CP] Embed Pods Frameworks */ = {
			isa = PBXShellScriptBuildPhase;
			buildActionMask = 2147483647;
			files = (
			);
			inputFileListPaths = (
				"${PODS_ROOT}/Target Support Files/Pods-COVID-19-COVID-19UITests/Pods-COVID-19-COVID-19UITests-frameworks-${CONFIGURATION}-input-files.xcfilelist",
			);
			name = "[CP] Embed Pods Frameworks";
			outputFileListPaths = (
				"${PODS_ROOT}/Target Support Files/Pods-COVID-19-COVID-19UITests/Pods-COVID-19-COVID-19UITests-frameworks-${CONFIGURATION}-output-files.xcfilelist",
			);
			runOnlyForDeploymentPostprocessing = 0;
			shellPath = /bin/sh;
			shellScript = "\"${PODS_ROOT}/Target Support Files/Pods-COVID-19-COVID-19UITests/Pods-COVID-19-COVID-19UITests-frameworks.sh\"\n";
			showEnvVarsInLog = 0;
		};
		A48EF154A943372CD60BBE0D /* [CP] Check Pods Manifest.lock */ = {
			isa = PBXShellScriptBuildPhase;
			buildActionMask = 2147483647;
			files = (
			);
			inputFileListPaths = (
			);
			inputPaths = (
				"${PODS_PODFILE_DIR_PATH}/Podfile.lock",
				"${PODS_ROOT}/Manifest.lock",
			);
			name = "[CP] Check Pods Manifest.lock";
			outputFileListPaths = (
			);
			outputPaths = (
				"$(DERIVED_FILE_DIR)/Pods-COVID-19-COVID-19UITests-checkManifestLockResult.txt",
			);
			runOnlyForDeploymentPostprocessing = 0;
			shellPath = /bin/sh;
			shellScript = "diff \"${PODS_PODFILE_DIR_PATH}/Podfile.lock\" \"${PODS_ROOT}/Manifest.lock\" > /dev/null\nif [ $? != 0 ] ; then\n    # print error to STDERR\n    echo \"error: The sandbox is not in sync with the Podfile.lock. Run 'pod install' or update your CocoaPods installation.\" >&2\n    exit 1\nfi\n# This output is used by Xcode 'outputs' to avoid re-running this script phase.\necho \"SUCCESS\" > \"${SCRIPT_OUTPUT_FILE_0}\"\n";
			showEnvVarsInLog = 0;
		};
/* End PBXShellScriptBuildPhase section */

/* Begin PBXSourcesBuildPhase section */
		B629603A23F6D99100E992CF /* Sources */ = {
			isa = PBXSourcesBuildPhase;
			buildActionMask = 2147483647;
			files = (
				B6ECCDF423F7B39500F47F0D /* WorldWideTableViewCell.swift in Sources */,
				B629604223F6D99100E992CF /* AppDelegate.swift in Sources */,
				B6ECCDF123F7B37B00F47F0D /* WorldWideTableViewController.swift in Sources */,
				B6ECCDEE23F7B05600F47F0D /* JapanTableViewController.swift in Sources */,
				B629608623F83BA400E992CF /* MainTableViewCell.swift in Sources */,
				B629604423F6D99100E992CF /* SceneDelegate.swift in Sources */,
			);
			runOnlyForDeploymentPostprocessing = 0;
		};
		B629605023F6D99500E992CF /* Sources */ = {
			isa = PBXSourcesBuildPhase;
			buildActionMask = 2147483647;
			files = (
				B629605923F6D99500E992CF /* COVID_19Tests.swift in Sources */,
			);
			runOnlyForDeploymentPostprocessing = 0;
		};
		B629605B23F6D99500E992CF /* Sources */ = {
			isa = PBXSourcesBuildPhase;
			buildActionMask = 2147483647;
			files = (
				B629606423F6D99500E992CF /* COVID_19UITests.swift in Sources */,
			);
			runOnlyForDeploymentPostprocessing = 0;
		};
/* End PBXSourcesBuildPhase section */

/* Begin PBXTargetDependency section */
		B629605623F6D99500E992CF /* PBXTargetDependency */ = {
			isa = PBXTargetDependency;
			target = B629603D23F6D99100E992CF /* COVID-19 */;
			targetProxy = B629605523F6D99500E992CF /* PBXContainerItemProxy */;
		};
		B629606123F6D99500E992CF /* PBXTargetDependency */ = {
			isa = PBXTargetDependency;
			target = B629603D23F6D99100E992CF /* COVID-19 */;
			targetProxy = B629606023F6D99500E992CF /* PBXContainerItemProxy */;
		};
/* End PBXTargetDependency section */

/* Begin PBXVariantGroup section */
		B629604723F6D99100E992CF /* Main.storyboard */ = {
			isa = PBXVariantGroup;
			children = (
				B629604823F6D99100E992CF /* Base */,
			);
			name = Main.storyboard;
			sourceTree = "<group>";
		};
		B629604C23F6D99400E992CF /* LaunchScreen.storyboard */ = {
			isa = PBXVariantGroup;
			children = (
				B629604D23F6D99400E992CF /* Base */,
			);
			name = LaunchScreen.storyboard;
			sourceTree = "<group>";
		};
/* End PBXVariantGroup section */

/* Begin XCBuildConfiguration section */
		B629606623F6D99500E992CF /* Debug */ = {
			isa = XCBuildConfiguration;
			buildSettings = {
				ALWAYS_SEARCH_USER_PATHS = NO;
				CLANG_ANALYZER_NONNULL = YES;
				CLANG_ANALYZER_NUMBER_OBJECT_CONVERSION = YES_AGGRESSIVE;
				CLANG_CXX_LANGUAGE_STANDARD = "gnu++14";
				CLANG_CXX_LIBRARY = "libc++";
				CLANG_ENABLE_MODULES = YES;
				CLANG_ENABLE_OBJC_ARC = YES;
				CLANG_ENABLE_OBJC_WEAK = YES;
				CLANG_WARN_BLOCK_CAPTURE_AUTORELEASING = YES;
				CLANG_WARN_BOOL_CONVERSION = YES;
				CLANG_WARN_COMMA = YES;
				CLANG_WARN_CONSTANT_CONVERSION = YES;
				CLANG_WARN_DEPRECATED_OBJC_IMPLEMENTATIONS = YES;
				CLANG_WARN_DIRECT_OBJC_ISA_USAGE = YES_ERROR;
				CLANG_WARN_DOCUMENTATION_COMMENTS = YES;
				CLANG_WARN_EMPTY_BODY = YES;
				CLANG_WARN_ENUM_CONVERSION = YES;
				CLANG_WARN_INFINITE_RECURSION = YES;
				CLANG_WARN_INT_CONVERSION = YES;
				CLANG_WARN_NON_LITERAL_NULL_CONVERSION = YES;
				CLANG_WARN_OBJC_IMPLICIT_RETAIN_SELF = YES;
				CLANG_WARN_OBJC_LITERAL_CONVERSION = YES;
				CLANG_WARN_OBJC_ROOT_CLASS = YES_ERROR;
				CLANG_WARN_RANGE_LOOP_ANALYSIS = YES;
				CLANG_WARN_STRICT_PROTOTYPES = YES;
				CLANG_WARN_SUSPICIOUS_MOVE = YES;
				CLANG_WARN_UNGUARDED_AVAILABILITY = YES_AGGRESSIVE;
				CLANG_WARN_UNREACHABLE_CODE = YES;
				CLANG_WARN__DUPLICATE_METHOD_MATCH = YES;
				COPY_PHASE_STRIP = NO;
				DEBUG_INFORMATION_FORMAT = dwarf;
				ENABLE_STRICT_OBJC_MSGSEND = YES;
				ENABLE_TESTABILITY = YES;
				GCC_C_LANGUAGE_STANDARD = gnu11;
				GCC_DYNAMIC_NO_PIC = NO;
				GCC_NO_COMMON_BLOCKS = YES;
				GCC_OPTIMIZATION_LEVEL = 0;
				GCC_PREPROCESSOR_DEFINITIONS = (
					"DEBUG=1",
					"$(inherited)",
				);
				GCC_WARN_64_TO_32_BIT_CONVERSION = YES;
				GCC_WARN_ABOUT_RETURN_TYPE = YES_ERROR;
				GCC_WARN_UNDECLARED_SELECTOR = YES;
				GCC_WARN_UNINITIALIZED_AUTOS = YES_AGGRESSIVE;
				GCC_WARN_UNUSED_FUNCTION = YES;
				GCC_WARN_UNUSED_VARIABLE = YES;
				IPHONEOS_DEPLOYMENT_TARGET = 13.2;
				MTL_ENABLE_DEBUG_INFO = INCLUDE_SOURCE;
				MTL_FAST_MATH = YES;
				ONLY_ACTIVE_ARCH = YES;
				SDKROOT = iphoneos;
				SWIFT_ACTIVE_COMPILATION_CONDITIONS = DEBUG;
				SWIFT_OPTIMIZATION_LEVEL = "-Onone";
			};
			name = Debug;
		};
		B629606723F6D99500E992CF /* Release */ = {
			isa = XCBuildConfiguration;
			buildSettings = {
				ALWAYS_SEARCH_USER_PATHS = NO;
				CLANG_ANALYZER_NONNULL = YES;
				CLANG_ANALYZER_NUMBER_OBJECT_CONVERSION = YES_AGGRESSIVE;
				CLANG_CXX_LANGUAGE_STANDARD = "gnu++14";
				CLANG_CXX_LIBRARY = "libc++";
				CLANG_ENABLE_MODULES = YES;
				CLANG_ENABLE_OBJC_ARC = YES;
				CLANG_ENABLE_OBJC_WEAK = YES;
				CLANG_WARN_BLOCK_CAPTURE_AUTORELEASING = YES;
				CLANG_WARN_BOOL_CONVERSION = YES;
				CLANG_WARN_COMMA = YES;
				CLANG_WARN_CONSTANT_CONVERSION = YES;
				CLANG_WARN_DEPRECATED_OBJC_IMPLEMENTATIONS = YES;
				CLANG_WARN_DIRECT_OBJC_ISA_USAGE = YES_ERROR;
				CLANG_WARN_DOCUMENTATION_COMMENTS = YES;
				CLANG_WARN_EMPTY_BODY = YES;
				CLANG_WARN_ENUM_CONVERSION = YES;
				CLANG_WARN_INFINITE_RECURSION = YES;
				CLANG_WARN_INT_CONVERSION = YES;
				CLANG_WARN_NON_LITERAL_NULL_CONVERSION = YES;
				CLANG_WARN_OBJC_IMPLICIT_RETAIN_SELF = YES;
				CLANG_WARN_OBJC_LITERAL_CONVERSION = YES;
				CLANG_WARN_OBJC_ROOT_CLASS = YES_ERROR;
				CLANG_WARN_RANGE_LOOP_ANALYSIS = YES;
				CLANG_WARN_STRICT_PROTOTYPES = YES;
				CLANG_WARN_SUSPICIOUS_MOVE = YES;
				CLANG_WARN_UNGUARDED_AVAILABILITY = YES_AGGRESSIVE;
				CLANG_WARN_UNREACHABLE_CODE = YES;
				CLANG_WARN__DUPLICATE_METHOD_MATCH = YES;
				COPY_PHASE_STRIP = NO;
				DEBUG_INFORMATION_FORMAT = "dwarf-with-dsym";
				ENABLE_NS_ASSERTIONS = NO;
				ENABLE_STRICT_OBJC_MSGSEND = YES;
				GCC_C_LANGUAGE_STANDARD = gnu11;
				GCC_NO_COMMON_BLOCKS = YES;
				GCC_WARN_64_TO_32_BIT_CONVERSION = YES;
				GCC_WARN_ABOUT_RETURN_TYPE = YES_ERROR;
				GCC_WARN_UNDECLARED_SELECTOR = YES;
				GCC_WARN_UNINITIALIZED_AUTOS = YES_AGGRESSIVE;
				GCC_WARN_UNUSED_FUNCTION = YES;
				GCC_WARN_UNUSED_VARIABLE = YES;
				IPHONEOS_DEPLOYMENT_TARGET = 13.2;
				MTL_ENABLE_DEBUG_INFO = NO;
				MTL_FAST_MATH = YES;
				SDKROOT = iphoneos;
				SWIFT_COMPILATION_MODE = wholemodule;
				SWIFT_OPTIMIZATION_LEVEL = "-O";
				VALIDATE_PRODUCT = YES;
			};
			name = Release;
		};
		B629606923F6D99500E992CF /* Debug */ = {
			isa = XCBuildConfiguration;
			baseConfigurationReference = 4DFD57807E5DF9F74F44A2E0 /* Pods-COVID-19.debug.xcconfig */;
			buildSettings = {
				ASSETCATALOG_COMPILER_APPICON_NAME = AppIcon;
				CODE_SIGN_STYLE = Automatic;
				DEVELOPMENT_TEAM = XD5X9TDNNJ;
				INFOPLIST_FILE = "COVID-19/Info.plist";
				LD_RUNPATH_SEARCH_PATHS = (
					"$(inherited)",
					"@executable_path/Frameworks",
				);
				PRODUCT_BUNDLE_IDENTIFIER = "App.COVID-19";
				PRODUCT_NAME = "$(TARGET_NAME)";
				SWIFT_VERSION = 5.0;
				TARGETED_DEVICE_FAMILY = "1,2";
			};
			name = Debug;
		};
		B629606A23F6D99500E992CF /* Release */ = {
			isa = XCBuildConfiguration;
			baseConfigurationReference = 7DDB645434901D9C7FDBDEC1 /* Pods-COVID-19.release.xcconfig */;
			buildSettings = {
				ASSETCATALOG_COMPILER_APPICON_NAME = AppIcon;
				CODE_SIGN_STYLE = Automatic;
				DEVELOPMENT_TEAM = XD5X9TDNNJ;
				INFOPLIST_FILE = "COVID-19/Info.plist";
				LD_RUNPATH_SEARCH_PATHS = (
					"$(inherited)",
					"@executable_path/Frameworks",
				);
				PRODUCT_BUNDLE_IDENTIFIER = "App.COVID-19";
				PRODUCT_NAME = "$(TARGET_NAME)";
				SWIFT_VERSION = 5.0;
				TARGETED_DEVICE_FAMILY = "1,2";
			};
			name = Release;
		};
		B629606C23F6D99500E992CF /* Debug */ = {
			isa = XCBuildConfiguration;
			baseConfigurationReference = DE2FB1BF66A568C41A79E475 /* Pods-COVID-19Tests.debug.xcconfig */;
			buildSettings = {
				ALWAYS_EMBED_SWIFT_STANDARD_LIBRARIES = YES;
				BUNDLE_LOADER = "$(TEST_HOST)";
				CODE_SIGN_STYLE = Automatic;
				DEVELOPMENT_TEAM = XD5X9TDNNJ;
				INFOPLIST_FILE = "COVID-19Tests/Info.plist";
				IPHONEOS_DEPLOYMENT_TARGET = 13.2;
				LD_RUNPATH_SEARCH_PATHS = (
					"$(inherited)",
					"@executable_path/Frameworks",
					"@loader_path/Frameworks",
				);
				PRODUCT_BUNDLE_IDENTIFIER = "App.COVID-19Tests";
				PRODUCT_NAME = "$(TARGET_NAME)";
				SWIFT_VERSION = 5.0;
				TARGETED_DEVICE_FAMILY = "1,2";
				TEST_HOST = "$(BUILT_PRODUCTS_DIR)/COVID-19.app/COVID-19";
			};
			name = Debug;
		};
		B629606D23F6D99500E992CF /* Release */ = {
			isa = XCBuildConfiguration;
			baseConfigurationReference = 196B0D77147E5BD412921677 /* Pods-COVID-19Tests.release.xcconfig */;
			buildSettings = {
				ALWAYS_EMBED_SWIFT_STANDARD_LIBRARIES = YES;
				BUNDLE_LOADER = "$(TEST_HOST)";
				CODE_SIGN_STYLE = Automatic;
				DEVELOPMENT_TEAM = XD5X9TDNNJ;
				INFOPLIST_FILE = "COVID-19Tests/Info.plist";
				IPHONEOS_DEPLOYMENT_TARGET = 13.2;
				LD_RUNPATH_SEARCH_PATHS = (
					"$(inherited)",
					"@executable_path/Frameworks",
					"@loader_path/Frameworks",
				);
				PRODUCT_BUNDLE_IDENTIFIER = "App.COVID-19Tests";
				PRODUCT_NAME = "$(TARGET_NAME)";
				SWIFT_VERSION = 5.0;
				TARGETED_DEVICE_FAMILY = "1,2";
				TEST_HOST = "$(BUILT_PRODUCTS_DIR)/COVID-19.app/COVID-19";
			};
			name = Release;
		};
		B629606F23F6D99500E992CF /* Debug */ = {
			isa = XCBuildConfiguration;
			baseConfigurationReference = 453D37165259F2E4FFB88E93 /* Pods-COVID-19-COVID-19UITests.debug.xcconfig */;
			buildSettings = {
				ALWAYS_EMBED_SWIFT_STANDARD_LIBRARIES = YES;
				CODE_SIGN_STYLE = Automatic;
				DEVELOPMENT_TEAM = XD5X9TDNNJ;
				INFOPLIST_FILE = "COVID-19UITests/Info.plist";
				LD_RUNPATH_SEARCH_PATHS = (
					"$(inherited)",
					"@executable_path/Frameworks",
					"@loader_path/Frameworks",
				);
				PRODUCT_BUNDLE_IDENTIFIER = "App.COVID-19UITests";
				PRODUCT_NAME = "$(TARGET_NAME)";
				SWIFT_VERSION = 5.0;
				TARGETED_DEVICE_FAMILY = "1,2";
				TEST_TARGET_NAME = "COVID-19";
			};
			name = Debug;
		};
		B629607023F6D99500E992CF /* Release */ = {
			isa = XCBuildConfiguration;
			baseConfigurationReference = 0636B8185B90ED4DB89F424C /* Pods-COVID-19-COVID-19UITests.release.xcconfig */;
			buildSettings = {
				ALWAYS_EMBED_SWIFT_STANDARD_LIBRARIES = YES;
				CODE_SIGN_STYLE = Automatic;
				DEVELOPMENT_TEAM = XD5X9TDNNJ;
				INFOPLIST_FILE = "COVID-19UITests/Info.plist";
				LD_RUNPATH_SEARCH_PATHS = (
					"$(inherited)",
					"@executable_path/Frameworks",
					"@loader_path/Frameworks",
				);
				PRODUCT_BUNDLE_IDENTIFIER = "App.COVID-19UITests";
				PRODUCT_NAME = "$(TARGET_NAME)";
				SWIFT_VERSION = 5.0;
				TARGETED_DEVICE_FAMILY = "1,2";
				TEST_TARGET_NAME = "COVID-19";
			};
			name = Release;
		};
/* End XCBuildConfiguration section */

/* Begin XCConfigurationList section */
		B629603923F6D99100E992CF /* Build configuration list for PBXProject "COVID-19" */ = {
			isa = XCConfigurationList;
			buildConfigurations = (
				B629606623F6D99500E992CF /* Debug */,
				B629606723F6D99500E992CF /* Release */,
			);
			defaultConfigurationIsVisible = 0;
			defaultConfigurationName = Release;
		};
		B629606823F6D99500E992CF /* Build configuration list for PBXNativeTarget "COVID-19" */ = {
			isa = XCConfigurationList;
			buildConfigurations = (
				B629606923F6D99500E992CF /* Debug */,
				B629606A23F6D99500E992CF /* Release */,
			);
			defaultConfigurationIsVisible = 0;
			defaultConfigurationName = Release;
		};
		B629606B23F6D99500E992CF /* Build configuration list for PBXNativeTarget "COVID-19Tests" */ = {
			isa = XCConfigurationList;
			buildConfigurations = (
				B629606C23F6D99500E992CF /* Debug */,
				B629606D23F6D99500E992CF /* Release */,
			);
			defaultConfigurationIsVisible = 0;
			defaultConfigurationName = Release;
		};
		B629606E23F6D99500E992CF /* Build configuration list for PBXNativeTarget "COVID-19UITests" */ = {
			isa = XCConfigurationList;
			buildConfigurations = (
				B629606F23F6D99500E992CF /* Debug */,
				B629607023F6D99500E992CF /* Release */,
			);
			defaultConfigurationIsVisible = 0;
			defaultConfigurationName = Release;
		};
/* End XCConfigurationList section */
	};
	rootObject = B629603623F6D99100E992CF /* Project object */;
}
